
Microsoft Visual Studio Solution File, Format Version 12.00
# Visual Studio Version 17
VisualStudioVersion = 17.4.33213.308
MinimumVisualStudioVersion = 10.0.40219.1
Project("{FAE04EC0-301F-11D3-BF4B-00C04F79EFBC}") = "PrimaApp", "PrimaApp\PrimaApp.csproj", "{E14EAB13-F11A-4BC8-8B8F-D7372497E179}"
EndProject
Global
	GlobalSection(SolutionConfigurationPlatforms) = preSolution
		Debug|Any CPU = Debug|Any CPU
		Release|Any CPU = Release|Any CPU
	EndGlobalSection
	GlobalSection(ProjectConfigurationPlatforms) = postSolution
		{E14EAB13-F11A-4BC8-8B8F-D7372497E179}.Debug|Any CPU.ActiveCfg = Debug|Any CPU
		{E14EAB13-F11A-4BC8-8B8F-D7372497E179}.Debug|Any CPU.Build.0 = Debug|Any CPU
		{E14EAB13-F11A-4BC8-8B8F-D7372497E179}.Release|Any CPU.ActiveCfg = Release|Any CPU
		{E14EAB13-F11A-4BC8-8B8F-D7372497E179}.Release|Any CPU.Build.0 = Release|Any CPU
	EndGlobalSection
	GlobalSection(SolutionProperties) = preSolution
		HideSolutionNode = FALSE
	EndGlobalSection
	GlobalSection(ExtensibilityGlobals) = postSolution
		SolutionGuid = {BFBBF447-A8D7-4E22-8FA6-86B8F3D0770A}
	EndGlobalSection
EndGlobal
